
Microsoft Visual Studio Solution File, Format Version 12.00
# Visual Studio Version 17
VisualStudioVersion = 17.7.34009.444
MinimumVisualStudioVersion = 10.0.40219.1
Project("{9A19103F-16F7-4668-BE54-9A1E7A4F7556}") = "Hangman", "Hangman.csproj", "{35F2FFD8-F15F-4006-9E1C-B0D183919E2B}"
EndProject
Global
	GlobalSection(SolutionConfigurationPlatforms) = preSolution
		Debug|Any CPU = Debug|Any CPU
		Release|Any CPU = Release|Any CPU
	EndGlobalSection
	GlobalSection(ProjectConfigurationPlatforms) = postSolution
		{35F2FFD8-F15F-4006-9E1C-B0D183919E2B}.Debug|Any CPU.ActiveCfg = Debug|Any CPU
		{35F2FFD8-F15F-4006-9E1C-B0D183919E2B}.Debug|Any CPU.Build.0 = Debug|Any CPU
		{35F2FFD8-F15F-4006-9E1C-B0D183919E2B}.Release|Any CPU.ActiveCfg = Release|Any CPU
		{35F2FFD8-F15F-4006-9E1C-B0D183919E2B}.Release|Any CPU.Build.0 = Release|Any CPU
	EndGlobalSection
	GlobalSection(SolutionProperties) = preSolution
		HideSolutionNode = FALSE
	EndGlobalSection
	GlobalSection(ExtensibilityGlobals) = postSolution
		SolutionGuid = {2B216FAB-2979-4FA3-A314-A9A8942BBC54}
	EndGlobalSection
EndGlobal
